# THIS IS AN AUTOGENERATED FILE. DO NOT EDIT THIS FILE DIRECTLY.
# yarn lockfile v1


"@next/env@13.0.2":
  version "13.0.2"
  resolved "https://registry.yarnpkg.com/@next/env/-/env-13.0.2.tgz#5fbd7b4146175ae406edfb4a38b62de8c880c09d"

"@next/swc-android-arm-eabi@13.0.2":
  version "13.0.2"
  resolved "https://registry.yarnpkg.com/@next/swc-android-arm-eabi/-/swc-android-arm-eabi-13.0.2.tgz#66669b8aab5062f554b8e9905d855679aabf0342"

"@next/swc-android-arm64@13.0.2":
  version "13.0.2"
  resolved "https://registry.yarnpkg.com/@next/swc-android-arm64/-/swc-android-arm64-13.0.2.tgz#c0641d30525e0fb22bf1e2baf6c461d2d9e52f1a"

"@next/swc-darwin-arm64@13.0.2":
  version "13.0.2"
  resolved "https://registry.yarnpkg.com/@next/swc-darwin-arm64/-/swc-darwin-arm64-13.0.2.tgz#d7e01a33393e83456dbfdc41446bb8a923968ff7"

"@next/swc-darwin-x64@13.0.2":
  version "13.0.2"
  resolved "https://registry.yarnpkg.com/@next/swc-darwin-x64/-/swc-darwin-x64-13.0.2.tgz#d4a3fbe51edf871a675d89a7afdc78174d1e5841"

"@next/swc-freebsd-x64@13.0.2":
  version "13.0.2"
  resolved "https://registry.yarnpkg.com/@next/swc-freebsd-x64/-/swc-freebsd-x64-13.0.2.tgz#1b54c3f38d3b36f86663a8dfcc81ea05e01f5172"

"@next/swc-linux-arm-gnueabihf@13.0.2":
  version "13.0.2"
  resolved "https://registry.yarnpkg.com/@next/swc-linux-arm-gnueabihf/-/swc-linux-arm-gnueabihf-13.0.2.tgz#18495cff32c0b2182cfbf677614219d7072214da"

"@next/swc-linux-arm64-gnu@13.0.2":
  version "13.0.2"
  resolved "https://registry.yarnpkg.com/@next/swc-linux-arm64-gnu/-/swc-linux-arm64-gnu-13.0.2.tgz#5fb2563651166c3c6f32bf9e2f9cc6a16a9ef783"

"@next/swc-linux-arm64-musl@13.0.2":
  version "13.0.2"
  resolved "https://registry.yarnpkg.com/@next/swc-linux-arm64-musl/-/swc-linux-arm64-musl-13.0.2.tgz#b9f33c5e17cfe04aa5769b717284cf80865761e6"

"@next/swc-linux-x64-gnu@13.0.2":
  version "13.0.2"
  resolved "https://registry.yarnpkg.com/@next/swc-linux-x64-gnu/-/swc-linux-x64-gnu-13.0.2.tgz#29efcc2fd0122689d7e06c5b6b0883fe495db2bf"

"@next/swc-linux-x64-musl@13.0.2":
  version "13.0.2"
  resolved "https://registry.yarnpkg.com/@next/swc-linux-x64-musl/-/swc-linux-x64-musl-13.0.2.tgz#d68fdf6eefc57813fa91559c7089b49d6131ecab"

"@next/swc-win32-arm64-msvc@13.0.2":
  version "13.0.2"
  resolved "https://registry.yarnpkg.com/@next/swc-win32-arm64-msvc/-/swc-win32-arm64-msvc-13.0.2.tgz#acdcb3023045f60cca510f659a2349895e6405bd"

"@next/swc-win32-ia32-msvc@13.0.2":
  version "13.0.2"
  resolved "https://registry.yarnpkg.com/@next/swc-win32-ia32-msvc/-/swc-win32-ia32-msvc-13.0.2.tgz#a78ee9211471768febac9df915c2a8dbbcd05e41"

"@next/swc-win32-x64-msvc@13.0.2":
  version "13.0.2"
  resolved "https://registry.yarnpkg.com/@next/swc-win32-x64-msvc/-/swc-win32-x64-msvc-13.0.2.tgz#e86c2de910cd68a17974db5556d4588737412c68"

"@sentry/browser@^5.15.4":
  version "5.30.0"
  resolved "https://registry.yarnpkg.com/@sentry/browser/-/browser-5.30.0.tgz#c28f49d551db3172080caef9f18791a7fd39e3b3"
  dependencies:
    "@sentry/core" "5.30.0"
    "@sentry/types" "5.30.0"
    "@sentry/utils" "5.30.0"
    tslib "^1.9.3"

"@sentry/cli@^1.74.6":
  version "1.74.6"
  resolved "https://registry.yarnpkg.com/@sentry/cli/-/cli-1.74.6.tgz#c4f276e52c6f5e8c8d692845a965988068ebc6f5"
  dependencies:
    https-proxy-agent "^5.0.0"
    mkdirp "^0.5.5"
    node-fetch "^2.6.7"
    npmlog "^4.1.2"
    progress "^2.0.3"
    proxy-from-env "^1.1.0"
    which "^2.0.2"

"@sentry/core@5.30.0":
  version "5.30.0"
  resolved "https://registry.yarnpkg.com/@sentry/core/-/core-5.30.0.tgz#6b203664f69e75106ee8b5a2fe1d717379b331f3"
  dependencies:
    "@sentry/hub" "5.30.0"
    "@sentry/minimal" "5.30.0"
    "@sentry/types" "5.30.0"
    "@sentry/utils" "5.30.0"
    tslib "^1.9.3"

"@sentry/hub@5.30.0":
  version "5.30.0"
  resolved "https://registry.yarnpkg.com/@sentry/hub/-/hub-5.30.0.tgz#2453be9b9cb903404366e198bd30c7ca74cdc100"
  dependencies:
    "@sentry/types" "5.30.0"
    "@sentry/utils" "5.30.0"
    tslib "^1.9.3"

"@sentry/minimal@5.30.0":
  version "5.30.0"
  resolved "https://registry.yarnpkg.com/@sentry/minimal/-/minimal-5.30.0.tgz#ce3d3a6a273428e0084adcb800bc12e72d34637b"
  dependencies:
    "@sentry/hub" "5.30.0"
    "@sentry/types" "5.30.0"
    tslib "^1.9.3"

"@sentry/node@^5.15.4":
  version "5.30.0"
  resolved "https://registry.yarnpkg.com/@sentry/node/-/node-5.30.0.tgz#4ca479e799b1021285d7fe12ac0858951c11cd48"
  dependencies:
    "@sentry/core" "5.30.0"
    "@sentry/hub" "5.30.0"
    "@sentry/tracing" "5.30.0"
    "@sentry/types" "5.30.0"
    "@sentry/utils" "5.30.0"
    cookie "^0.4.1"
    https-proxy-agent "^5.0.0"
    lru_map "^0.3.3"
    tslib "^1.9.3"

"@sentry/tracing@5.30.0":
  version "5.30.0"
  resolved "https://registry.yarnpkg.com/@sentry/tracing/-/tracing-5.30.0.tgz#501d21f00c3f3be7f7635d8710da70d9419d4e1f"
  dependencies:
    "@sentry/hub" "5.30.0"
    "@sentry/minimal" "5.30.0"
    "@sentry/types" "5.30.0"
    "@sentry/utils" "5.30.0"
    tslib "^1.9.3"

"@sentry/types@5.30.0":
  version "5.30.0"
  resolved "https://registry.yarnpkg.com/@sentry/types/-/types-5.30.0.tgz#19709bbe12a1a0115bc790b8942917da5636f402"

"@sentry/utils@5.30.0":
  version "5.30.0"
  resolved "https://registry.yarnpkg.com/@sentry/utils/-/utils-5.30.0.tgz#9a5bd7ccff85ccfe7856d493bffa64cabc41e980"
  dependencies:
    "@sentry/types" "5.30.0"
    tslib "^1.9.3"

"@sentry/webpack-plugin@^1.10.0":
  version "1.20.0"
  resolved "https://registry.yarnpkg.com/@sentry/webpack-plugin/-/webpack-plugin-1.20.0.tgz#e7add76122708fb6b4ee7951294b521019720e58"
  dependencies:
    "@sentry/cli" "^1.74.6"
    webpack-sources "^2.0.0 || ^3.0.0"

"@swc/helpers@0.4.11":
  version "0.4.11"
  resolved "https://registry.yarnpkg.com/@swc/helpers/-/helpers-0.4.11.tgz#db23a376761b3d31c26502122f349a21b592c8de"
  dependencies:
    tslib "^2.4.0"

"@zeit/next-source-maps@0.0.4-canary.1":
  version "0.0.4-canary.1"
  resolved "https://registry.yarnpkg.com/@zeit/next-source-maps/-/next-source-maps-0.0.4-canary.1.tgz#5051ff8425e5f615da2d21dd08a99284fbb63d7d"

agent-base@6:
  version "6.0.2"
  resolved "https://registry.yarnpkg.com/agent-base/-/agent-base-6.0.2.tgz#49fff58577cfee3f37176feab4c22e00f86d7f77"
  dependencies:
    debug "4"

ansi-regex@^2.0.0:
  version "2.1.1"
  resolved "https://registry.yarnpkg.com/ansi-regex/-/ansi-regex-2.1.1.tgz#c3b33ab5ee360d86e0e628f0468ae7ef27d654df"

ansi-regex@^3.0.0:
  version "3.0.0"
  resolved "https://registry.yarnpkg.com/ansi-regex/-/ansi-regex-3.0.0.tgz#ed0317c322064f79466c02966bddb605ab37d998"

aproba@^1.0.3:
  version "1.2.0"
  resolved "https://registry.yarnpkg.com/aproba/-/aproba-1.2.0.tgz#6802e6264efd18c790a1b0d517f0f2627bf2c94a"

are-we-there-yet@~1.1.2:
  version "1.1.5"
  resolved "https://registry.yarnpkg.com/are-we-there-yet/-/are-we-there-yet-1.1.5.tgz#4b35c2944f062a8bfcda66410760350fe9ddfc21"
  dependencies:
    delegates "^1.0.0"
    readable-stream "^2.0.6"

caniuse-lite@^1.0.30001406:
  version "1.0.30001431"
  resolved "https://registry.yarnpkg.com/caniuse-lite/-/caniuse-lite-1.0.30001431.tgz#e7c59bd1bc518fae03a4656be442ce6c4887a795"

client-only@0.0.1:
  version "0.0.1"
  resolved "https://registry.yarnpkg.com/client-only/-/client-only-0.0.1.tgz#38bba5d403c41ab150bff64a95c85013cf73bca1"

code-point-at@^1.0.0:
  version "1.1.0"
  resolved "https://registry.yarnpkg.com/code-point-at/-/code-point-at-1.1.0.tgz#0d070b4d043a5bea33a2f1a40e2edb3d9a4ccf77"

console-control-strings@^1.0.0, console-control-strings@~1.1.0:
  version "1.1.0"
  resolved "https://registry.yarnpkg.com/console-control-strings/-/console-control-strings-1.1.0.tgz#3d7cf4464db6446ea644bf4b39507f9851008e8e"

cookie@^0.4.1:
  version "0.4.2"
  resolved "https://registry.yarnpkg.com/cookie/-/cookie-0.4.2.tgz#0e41f24de5ecf317947c82fc789e06a884824432"

core-util-is@~1.0.0:
  version "1.0.2"
  resolved "https://registry.yarnpkg.com/core-util-is/-/core-util-is-1.0.2.tgz#b5fd54220aa2bc5ab57aab7140c940754503c1a7"

debug@4:
  version "4.3.4"
  resolved "https://registry.yarnpkg.com/debug/-/debug-4.3.4.tgz#1319f6579357f2338d3337d2cdd4914bb5dcc865"
  dependencies:
    ms "2.1.2"

delegates@^1.0.0:
  version "1.0.0"
  resolved "https://registry.yarnpkg.com/delegates/-/delegates-1.0.0.tgz#84c6e159b81904fdca59a0ef44cd870d31250f9a"

fast-deep-equal@2.0.1:
  version "2.0.1"
  resolved "https://registry.yarnpkg.com/fast-deep-equal/-/fast-deep-equal-2.0.1.tgz#7b05218ddf9667bf7f370bf7fdb2cb15fdd0aa49"

gauge@~2.7.3:
  version "2.7.4"
  resolved "https://registry.yarnpkg.com/gauge/-/gauge-2.7.4.tgz#2c03405c7538c39d7eb37b317022e325fb018bf7"
  dependencies:
    aproba "^1.0.3"
    console-control-strings "^1.0.0"
    has-unicode "^2.0.0"
    object-assign "^4.1.0"
    signal-exit "^3.0.0"
    string-width "^1.0.1"
    strip-ansi "^3.0.1"
    wide-align "^1.1.0"

has-unicode@^2.0.0:
  version "2.0.1"
  resolved "https://registry.yarnpkg.com/has-unicode/-/has-unicode-2.0.1.tgz#e0e6fe6a28cf51138855e086d1691e771de2a8b9"

https-proxy-agent@^5.0.0:
  version "5.0.1"
  resolved "https://registry.yarnpkg.com/https-proxy-agent/-/https-proxy-agent-5.0.1.tgz#c59ef224a04fe8b754f3db0063a25ea30d0005d6"
  dependencies:
    agent-base "6"
    debug "4"

inherits@~2.0.3:
  version "2.0.4"
  resolved "https://registry.yarnpkg.com/inherits/-/inherits-2.0.4.tgz#0fa2c64f932917c3433a0ded55363aae37416b7c"

is-fullwidth-code-point@^1.0.0:
  version "1.0.0"
  resolved "https://registry.yarnpkg.com/is-fullwidth-code-point/-/is-fullwidth-code-point-1.0.0.tgz#ef9e31386f031a7f0d643af82fde50c457ef00cb"
  dependencies:
    number-is-nan "^1.0.0"

is-fullwidth-code-point@^2.0.0:
  version "2.0.0"
  resolved "https://registry.yarnpkg.com/is-fullwidth-code-point/-/is-fullwidth-code-point-2.0.0.tgz#a3b30a5c4f199183167aaab93beefae3ddfb654f"

isarray@~1.0.0:
  version "1.0.0"
  resolved "https://registry.yarnpkg.com/isarray/-/isarray-1.0.0.tgz#bb935d48582cba168c06834957a54a3e07124f11"

isexe@^2.0.0:
  version "2.0.0"
  resolved "https://registry.yarnpkg.com/isexe/-/isexe-2.0.0.tgz#e8fbf374dc556ff8947a10dcb0572d633f2cfa10"

"js-tokens@^3.0.0 || ^4.0.0":
  version "4.0.0"
  resolved "https://registry.yarnpkg.com/js-tokens/-/js-tokens-4.0.0.tgz#19203fb59991df98e3a287050d4647cdeaf32499"

loose-envify@^1.1.0, loose-envify@^1.4.0:
  version "1.4.0"
  resolved "https://registry.yarnpkg.com/loose-envify/-/loose-envify-1.4.0.tgz#71ee51fa7be4caec1a63839f7e682d8132d30caf"
  dependencies:
    js-tokens "^3.0.0 || ^4.0.0"

lru_map@^0.3.3:
  version "0.3.3"
  resolved "https://registry.yarnpkg.com/lru_map/-/lru_map-0.3.3.tgz#b5c8351b9464cbd750335a79650a0ec0e56118dd"

minimist@^1.2.6:
  version "1.2.7"
  resolved "https://registry.yarnpkg.com/minimist/-/minimist-1.2.7.tgz#daa1c4d91f507390437c6a8bc01078e7000c4d18"

mkdirp@^0.5.5:
  version "0.5.6"
  resolved "https://registry.yarnpkg.com/mkdirp/-/mkdirp-0.5.6.tgz#7def03d2432dcae4ba1d611445c48396062255f6"
  dependencies:
    minimist "^1.2.6"

ms@2.1.2:
  version "2.1.2"
  resolved "https://registry.yarnpkg.com/ms/-/ms-2.1.2.tgz#d09d1f357b443f493382a8eb3ccd183872ae6009"

nanoid@^3.3.4:
  version "3.3.4"
  resolved "https://registry.yarnpkg.com/nanoid/-/nanoid-3.3.4.tgz#730b67e3cd09e2deacf03c027c81c9d9dbc5e8ab"

next@^13.0.2:
  version "13.0.2"
  resolved "https://registry.yarnpkg.com/next/-/next-13.0.2.tgz#b8c8642c70f736ed91105645391d335fc51c8f62"
  dependencies:
    "@next/env" "13.0.2"
    "@swc/helpers" "0.4.11"
    caniuse-lite "^1.0.30001406"
    postcss "8.4.14"
    styled-jsx "5.1.0"
    use-sync-external-store "1.2.0"
  optionalDependencies:
    "@next/swc-android-arm-eabi" "13.0.2"
    "@next/swc-android-arm64" "13.0.2"
    "@next/swc-darwin-arm64" "13.0.2"
    "@next/swc-darwin-x64" "13.0.2"
    "@next/swc-freebsd-x64" "13.0.2"
    "@next/swc-linux-arm-gnueabihf" "13.0.2"
    "@next/swc-linux-arm64-gnu" "13.0.2"
    "@next/swc-linux-arm64-musl" "13.0.2"
    "@next/swc-linux-x64-gnu" "13.0.2"
    "@next/swc-linux-x64-musl" "13.0.2"
    "@next/swc-win32-arm64-msvc" "13.0.2"
    "@next/swc-win32-ia32-msvc" "13.0.2"
    "@next/swc-win32-x64-msvc" "13.0.2"

node-fetch@^2.6.7:
  version "2.6.7"
  resolved "https://registry.yarnpkg.com/node-fetch/-/node-fetch-2.6.7.tgz#24de9fba827e3b4ae44dc8b20256a379160052ad"
  dependencies:
    whatwg-url "^5.0.0"

npmlog@^4.1.2:
  version "4.1.2"
  resolved "https://registry.yarnpkg.com/npmlog/-/npmlog-4.1.2.tgz#08a7f2a8bf734604779a9efa4ad5cc717abb954b"
  dependencies:
    are-we-there-yet "~1.1.2"
    console-control-strings "~1.1.0"
    gauge "~2.7.3"
    set-blocking "~2.0.0"

number-is-nan@^1.0.0:
  version "1.0.1"
  resolved "https://registry.yarnpkg.com/number-is-nan/-/number-is-nan-1.0.1.tgz#097b602b53422a522c1afb8790318336941a011d"

object-assign@^4.1.0, object-assign@^4.1.1:
  version "4.1.1"
  resolved "https://registry.yarnpkg.com/object-assign/-/object-assign-4.1.1.tgz#2109adc7965887cfc05cbbd442cac8bfbb360863"

picocolors@^1.0.0:
  version "1.0.0"
  resolved "https://registry.yarnpkg.com/picocolors/-/picocolors-1.0.0.tgz#cb5bdc74ff3f51892236eaf79d68bc44564ab81c"

postcss@8.4.14:
  version "8.4.14"
  resolved "https://registry.yarnpkg.com/postcss/-/postcss-8.4.14.tgz#ee9274d5622b4858c1007a74d76e42e56fd21caf"
  dependencies:
    nanoid "^3.3.4"
    picocolors "^1.0.0"
    source-map-js "^1.0.2"

process-nextick-args@~2.0.0:
  version "2.0.1"
  resolved "https://registry.yarnpkg.com/process-nextick-args/-/process-nextick-args-2.0.1.tgz#7820d9b16120cc55ca9ae7792680ae7dba6d7fe2"

progress@^2.0.3:
  version "2.0.3"
  resolved "https://registry.yarnpkg.com/progress/-/progress-2.0.3.tgz#7e8cf8d8f5b8f239c1bc68beb4eb78567d572ef8"

prop-types@^15.6.2:
  version "15.7.2"
  resolved "https://registry.yarnpkg.com/prop-types/-/prop-types-15.7.2.tgz#52c41e75b8c87e72b9d9360e0206b99dcbffa6c5"
  dependencies:
    loose-envify "^1.4.0"
    object-assign "^4.1.1"
    react-is "^16.8.1"

proxy-from-env@^1.1.0:
  version "1.1.0"
  resolved "https://registry.yarnpkg.com/proxy-from-env/-/proxy-from-env-1.1.0.tgz#e102f16ca355424865755d2c9e8ea4f24d58c3e2"

react-dom@^16.13.1:
  version "16.14.0"
  resolved "https://registry.yarnpkg.com/react-dom/-/react-dom-16.14.0.tgz#7ad838ec29a777fb3c75c3a190f661cf92ab8b89"
  dependencies:
    loose-envify "^1.1.0"
    object-assign "^4.1.1"
    prop-types "^15.6.2"
    scheduler "^0.19.1"

react-is@^16.8.1:
  version "16.13.1"
  resolved "https://registry.yarnpkg.com/react-is/-/react-is-16.13.1.tgz#789729a4dc36de2999dc156dd6c1d9c18cea56a4"

react@^16.13.1:
  version "16.14.0"
  resolved "https://registry.yarnpkg.com/react/-/react-16.14.0.tgz#94d776ddd0aaa37da3eda8fc5b6b18a4c9a3114d"
  dependencies:
    loose-envify "^1.1.0"
    object-assign "^4.1.1"
    prop-types "^15.6.2"

readable-stream@^2.0.6:
  version "2.3.7"
  resolved "https://registry.yarnpkg.com/readable-stream/-/readable-stream-2.3.7.tgz#1eca1cf711aef814c04f62252a36a62f6cb23b57"
  dependencies:
    core-util-is "~1.0.0"
    inherits "~2.0.3"
    isarray "~1.0.0"
    process-nextick-args "~2.0.0"
    safe-buffer "~5.1.1"
    string_decoder "~1.1.1"
    util-deprecate "~1.0.1"

safe-buffer@~5.1.0, safe-buffer@~5.1.1:
  version "5.1.2"
  resolved "https://registry.yarnpkg.com/safe-buffer/-/safe-buffer-5.1.2.tgz#991ec69d296e0313747d59bdfd2b745c35f8828d"

scheduler@^0.19.1:
  version "0.19.1"
  resolved "https://registry.yarnpkg.com/scheduler/-/scheduler-0.19.1.tgz#4f3e2ed2c1a7d65681f4c854fa8c5a1ccb40f196"
  dependencies:
    loose-envify "^1.1.0"
    object-assign "^4.1.1"

set-blocking@~2.0.0:
  version "2.0.0"
  resolved "https://registry.yarnpkg.com/set-blocking/-/set-blocking-2.0.0.tgz#045f9782d011ae9a6803ddd382b24392b3d890f7"

signal-exit@^3.0.0:
  version "3.0.3"
  resolved "https://registry.yarnpkg.com/signal-exit/-/signal-exit-3.0.3.tgz#a1410c2edd8f077b08b4e253c8eacfcaf057461c"

source-map-js@^1.0.2:
  version "1.0.2"
  resolved "https://registry.yarnpkg.com/source-map-js/-/source-map-js-1.0.2.tgz#adbc361d9c62df380125e7f161f71c826f1e490c"

string-width@^1.0.1:
  version "1.0.2"
  resolved "https://registry.yarnpkg.com/string-width/-/string-width-1.0.2.tgz#118bdf5b8cdc51a2a7e70d211e07e2b0b9b107d3"
  dependencies:
    code-point-at "^1.0.0"
    is-fullwidth-code-point "^1.0.0"
    strip-ansi "^3.0.0"

"string-width@^1.0.2 || 2":
  version "2.1.1"
  resolved "https://registry.yarnpkg.com/string-width/-/string-width-2.1.1.tgz#ab93f27a8dc13d28cac815c462143a6d9012ae9e"
  dependencies:
    is-fullwidth-code-point "^2.0.0"
    strip-ansi "^4.0.0"

string_decoder@~1.1.1:
  version "1.1.1"
  resolved "https://registry.yarnpkg.com/string_decoder/-/string_decoder-1.1.1.tgz#9cf1611ba62685d7030ae9e4ba34149c3af03fc8"
  dependencies:
    safe-buffer "~5.1.0"

strip-ansi@^3.0.0, strip-ansi@^3.0.1:
  version "3.0.1"
  resolved "https://registry.yarnpkg.com/strip-ansi/-/strip-ansi-3.0.1.tgz#6a385fb8853d952d5ff05d0e8aaf94278dc63dcf"
  dependencies:
    ansi-regex "^2.0.0"

strip-ansi@^4.0.0:
  version "4.0.0"
  resolved "https://registry.yarnpkg.com/strip-ansi/-/strip-ansi-4.0.0.tgz#a8479022eb1ac368a871389b635262c505ee368f"
  dependencies:
    ansi-regex "^3.0.0"

styled-jsx@5.1.0:
  version "5.1.0"
  resolved "https://registry.yarnpkg.com/styled-jsx/-/styled-jsx-5.1.0.tgz#4a5622ab9714bd3fcfaeec292aa555871f057563"
  dependencies:
    client-only "0.0.1"

swr@^0.2.0:
  version "0.2.3"
  resolved "https://registry.yarnpkg.com/swr/-/swr-0.2.3.tgz#e0fb260d27f12fafa2388312083368f45127480d"
  dependencies:
    fast-deep-equal "2.0.1"

tr46@~0.0.3:
  version "0.0.3"
  resolved "https://registry.yarnpkg.com/tr46/-/tr46-0.0.3.tgz#8184fd347dac9cdc185992f3a6622e14b9d9ab6a"

tslib@^1.9.3:
  version "1.14.1"
  resolved "https://registry.yarnpkg.com/tslib/-/tslib-1.14.1.tgz#cf2d38bdc34a134bcaf1091c41f6619e2f672d00"

tslib@^2.4.0:
  version "2.4.1"
  resolved "https://registry.yarnpkg.com/tslib/-/tslib-2.4.1.tgz#0d0bfbaac2880b91e22df0768e55be9753a5b17e"

use-sync-external-store@1.2.0:
  version "1.2.0"
  resolved "https://registry.yarnpkg.com/use-sync-external-store/-/use-sync-external-store-1.2.0.tgz#7dbefd6ef3fe4e767a0cf5d7287aacfb5846928a"

util-deprecate@~1.0.1:
  version "1.0.2"
  resolved "https://registry.yarnpkg.com/util-deprecate/-/util-deprecate-1.0.2.tgz#450d4dc9fa70de732762fbd2d4a28981419a0ccf"

webidl-conversions@^3.0.0:
  version "3.0.1"
  resolved "https://registry.yarnpkg.com/webidl-conversions/-/webidl-conversions-3.0.1.tgz#24534275e2a7bc6be7bc86611cc16ae0a5654871"

"webpack-sources@^2.0.0 || ^3.0.0":
  version "3.2.3"
  resolved "https://registry.yarnpkg.com/webpack-sources/-/webpack-sources-3.2.3.tgz#2d4daab8451fd4b240cc27055ff6a0c2ccea0cde"

whatwg-url@^5.0.0:
  version "5.0.0"
  resolved "https://registry.yarnpkg.com/whatwg-url/-/whatwg-url-5.0.0.tgz#966454e8765462e37644d3626f6742ce8b70965d"
  dependencies:
    tr46 "~0.0.3"
    webidl-conversions "^3.0.0"

which@^2.0.2:
  version "2.0.2"
  resolved "https://registry.yarnpkg.com/which/-/which-2.0.2.tgz#7c6a8dd0a636a0327e10b59c9286eee93f3f51b1"
  dependencies:
    isexe "^2.0.0"

wide-align@^1.1.0:
  version "1.1.3"
  resolved "https://registry.yarnpkg.com/wide-align/-/wide-align-1.1.3.tgz#ae074e6bdc0c14a431e804e624549c633b000457"
  dependencies:
    string-width "^1.0.2 || 2"
